
Microsoft Visual Studio Solution File, Format Version 12.00
# Visual Studio 15
VisualStudioVersion = 15.0.28010.2050
MinimumVisualStudioVersion = 10.0.40219.1
Project("{8BC9CEB8-8B4A-11D0-8D11-00A0C91BC942}") = "01-linear-program", "01-linear-program\01-linear-program.vcxproj", "{56D333C2-ACD8-4446-8FAC-E29CCE317B69}"
EndProject
Project("{8BC9CEB8-8B4A-11D0-8D11-00A0C91BC942}") = "02-conditionals-loops-1", "02-conditionals-loops-1\02-conditionals-loops-1.vcxproj", "{7DEBC1E5-16D1-42AA-B261-FBFDC6536FDA}"
EndProject
Project("{8BC9CEB8-8B4A-11D0-8D11-00A0C91BC942}") = "03-conditionals-loops-2", "03-conditionals-loops-2\03-conditionals-loops-2.vcxproj", "{3F25911D-06A9-47F9-AD7A-B46EC2074663}"
EndProject
Project("{8BC9CEB8-8B4A-11D0-8D11-00A0C91BC942}") = "04-functions", "04-functions\04-functions.vcxproj", "{C0BBAA61-F429-4147-A6B7-F86468A87B08}"
EndProject
Project("{8BC9CEB8-8B4A-11D0-8D11-00A0C91BC942}") = "05-arrays-1d", "05-arrays-1d\05-arrays-1d.vcxproj", "{632B401E-6CDA-43FD-B68A-C003EC845E4D}"
EndProject
Project("{8BC9CEB8-8B4A-11D0-8D11-00A0C91BC942}") = "06-arrays-2d", "06-arrays-2d\06-arrays-2d.vcxproj", "{D06EE197-093E-45A9-B8A3-CE527DBFFBC4}"
EndProject
Project("{8BC9CEB8-8B4A-11D0-8D11-00A0C91BC942}") = "07-strings", "07-strings\07-strings.vcxproj", "{0BF960F6-691B-4335-83DD-07A18CCC4F8A}"
EndProject
Project("{8BC9CEB8-8B4A-11D0-8D11-00A0C91BC942}") = "08-structures", "08-structures\08-structures.vcxproj", "{9F49BC3D-063B-4862-B1CD-ACBA366EDA14}"
EndProject
Project("{8BC9CEB8-8B4A-11D0-8D11-00A0C91BC942}") = "09-multi-file-project", "09-multi-file-project\09-multi-file-project.vcxproj", "{FC361BBE-3613-48A6-9CB3-4380E820189A}"
EndProject
Project("{8BC9CEB8-8B4A-11D0-8D11-00A0C91BC942}") = "10-templates", "10-templates\10-templates.vcxproj", "{B5B45D54-FD3B-41AF-8B2C-50B3CEA61CA7}"
EndProject
Global
	GlobalSection(SolutionConfigurationPlatforms) = preSolution
		Debug|x64 = Debug|x64
		Debug|x86 = Debug|x86
		Release|x64 = Release|x64
		Release|x86 = Release|x86
	EndGlobalSection
	GlobalSection(ProjectConfigurationPlatforms) = postSolution
		{56D333C2-ACD8-4446-8FAC-E29CCE317B69}.Debug|x64.ActiveCfg = Debug|x64
		{56D333C2-ACD8-4446-8FAC-E29CCE317B69}.Debug|x64.Build.0 = Debug|x64
		{56D333C2-ACD8-4446-8FAC-E29CCE317B69}.Debug|x86.ActiveCfg = Debug|Win32
		{56D333C2-ACD8-4446-8FAC-E29CCE317B69}.Debug|x86.Build.0 = Debug|Win32
		{56D333C2-ACD8-4446-8FAC-E29CCE317B69}.Release|x64.ActiveCfg = Release|x64
		{56D333C2-ACD8-4446-8FAC-E29CCE317B69}.Release|x64.Build.0 = Release|x64
		{56D333C2-ACD8-4446-8FAC-E29CCE317B69}.Release|x86.ActiveCfg = Release|Win32
		{56D333C2-ACD8-4446-8FAC-E29CCE317B69}.Release|x86.Build.0 = Release|Win32
		{7DEBC1E5-16D1-42AA-B261-FBFDC6536FDA}.Debug|x64.ActiveCfg = Debug|x64
		{7DEBC1E5-16D1-42AA-B261-FBFDC6536FDA}.Debug|x64.Build.0 = Debug|x64
		{7DEBC1E5-16D1-42AA-B261-FBFDC6536FDA}.Debug|x86.ActiveCfg = Debug|Win32
		{7DEBC1E5-16D1-42AA-B261-FBFDC6536FDA}.Debug|x86.Build.0 = Debug|Win32
		{7DEBC1E5-16D1-42AA-B261-FBFDC6536FDA}.Release|x64.ActiveCfg = Release|x64
		{7DEBC1E5-16D1-42AA-B261-FBFDC6536FDA}.Release|x64.Build.0 = Release|x64
		{7DEBC1E5-16D1-42AA-B261-FBFDC6536FDA}.Release|x86.ActiveCfg = Release|Win32
		{7DEBC1E5-16D1-42AA-B261-FBFDC6536FDA}.Release|x86.Build.0 = Release|Win32
		{3F25911D-06A9-47F9-AD7A-B46EC2074663}.Debug|x64.ActiveCfg = Debug|x64
		{3F25911D-06A9-47F9-AD7A-B46EC2074663}.Debug|x64.Build.0 = Debug|x64
		{3F25911D-06A9-47F9-AD7A-B46EC2074663}.Debug|x86.ActiveCfg = Debug|Win32
		{3F25911D-06A9-47F9-AD7A-B46EC2074663}.Debug|x86.Build.0 = Debug|Win32
		{3F25911D-06A9-47F9-AD7A-B46EC2074663}.Release|x64.ActiveCfg = Release|x64
		{3F25911D-06A9-47F9-AD7A-B46EC2074663}.Release|x64.Build.0 = Release|x64
		{3F25911D-06A9-47F9-AD7A-B46EC2074663}.Release|x86.ActiveCfg = Release|Win32
		{3F25911D-06A9-47F9-AD7A-B46EC2074663}.Release|x86.Build.0 = Release|Win32
		{C0BBAA61-F429-4147-A6B7-F86468A87B08}.Debug|x64.ActiveCfg = Debug|x64
		{C0BBAA61-F429-4147-A6B7-F86468A87B08}.Debug|x64.Build.0 = Debug|x64
		{C0BBAA61-F429-4147-A6B7-F86468A87B08}.Debug|x86.ActiveCfg = Debug|Win32
		{C0BBAA61-F429-4147-A6B7-F86468A87B08}.Debug|x86.Build.0 = Debug|Win32
		{C0BBAA61-F429-4147-A6B7-F86468A87B08}.Release|x64.ActiveCfg = Release|x64
		{C0BBAA61-F429-4147-A6B7-F86468A87B08}.Release|x64.Build.0 = Release|x64
		{C0BBAA61-F429-4147-A6B7-F86468A87B08}.Release|x86.ActiveCfg = Release|Win32
		{C0BBAA61-F429-4147-A6B7-F86468A87B08}.Release|x86.Build.0 = Release|Win32
		{632B401E-6CDA-43FD-B68A-C003EC845E4D}.Debug|x64.ActiveCfg = Debug|x64
		{632B401E-6CDA-43FD-B68A-C003EC845E4D}.Debug|x64.Build.0 = Debug|x64
		{632B401E-6CDA-43FD-B68A-C003EC845E4D}.Debug|x86.ActiveCfg = Debug|Win32
		{632B401E-6CDA-43FD-B68A-C003EC845E4D}.Debug|x86.Build.0 = Debug|Win32
		{632B401E-6CDA-43FD-B68A-C003EC845E4D}.Release|x64.ActiveCfg = Release|x64
		{632B401E-6CDA-43FD-B68A-C003EC845E4D}.Release|x64.Build.0 = Release|x64
		{632B401E-6CDA-43FD-B68A-C003EC845E4D}.Release|x86.ActiveCfg = Release|Win32
		{632B401E-6CDA-43FD-B68A-C003EC845E4D}.Release|x86.Build.0 = Release|Win32
		{D06EE197-093E-45A9-B8A3-CE527DBFFBC4}.Debug|x64.ActiveCfg = Debug|x64
		{D06EE197-093E-45A9-B8A3-CE527DBFFBC4}.Debug|x64.Build.0 = Debug|x64
		{D06EE197-093E-45A9-B8A3-CE527DBFFBC4}.Debug|x86.ActiveCfg = Debug|Win32
		{D06EE197-093E-45A9-B8A3-CE527DBFFBC4}.Debug|x86.Build.0 = Debug|Win32
		{D06EE197-093E-45A9-B8A3-CE527DBFFBC4}.Release|x64.ActiveCfg = Release|x64
		{D06EE197-093E-45A9-B8A3-CE527DBFFBC4}.Release|x64.Build.0 = Release|x64
		{D06EE197-093E-45A9-B8A3-CE527DBFFBC4}.Release|x86.ActiveCfg = Release|Win32
		{D06EE197-093E-45A9-B8A3-CE527DBFFBC4}.Release|x86.Build.0 = Release|Win32
		{0BF960F6-691B-4335-83DD-07A18CCC4F8A}.Debug|x64.ActiveCfg = Debug|x64
		{0BF960F6-691B-4335-83DD-07A18CCC4F8A}.Debug|x64.Build.0 = Debug|x64
		{0BF960F6-691B-4335-83DD-07A18CCC4F8A}.Debug|x86.ActiveCfg = Debug|Win32
		{0BF960F6-691B-4335-83DD-07A18CCC4F8A}.Debug|x86.Build.0 = Debug|Win32
		{0BF960F6-691B-4335-83DD-07A18CCC4F8A}.Release|x64.ActiveCfg = Release|x64
		{0BF960F6-691B-4335-83DD-07A18CCC4F8A}.Release|x64.Build.0 = Release|x64
		{0BF960F6-691B-4335-83DD-07A18CCC4F8A}.Release|x86.ActiveCfg = Release|Win32
		{0BF960F6-691B-4335-83DD-07A18CCC4F8A}.Release|x86.Build.0 = Release|Win32
		{9F49BC3D-063B-4862-B1CD-ACBA366EDA14}.Debug|x64.ActiveCfg = Debug|x64
		{9F49BC3D-063B-4862-B1CD-ACBA366EDA14}.Debug|x64.Build.0 = Debug|x64
		{9F49BC3D-063B-4862-B1CD-ACBA366EDA14}.Debug|x86.ActiveCfg = Debug|Win32
		{9F49BC3D-063B-4862-B1CD-ACBA366EDA14}.Debug|x86.Build.0 = Debug|Win32
		{9F49BC3D-063B-4862-B1CD-ACBA366EDA14}.Release|x64.ActiveCfg = Release|x64
		{9F49BC3D-063B-4862-B1CD-ACBA366EDA14}.Release|x64.Build.0 = Release|x64
		{9F49BC3D-063B-4862-B1CD-ACBA366EDA14}.Release|x86.ActiveCfg = Release|Win32
		{9F49BC3D-063B-4862-B1CD-ACBA366EDA14}.Release|x86.Build.0 = Release|Win32
		{FC361BBE-3613-48A6-9CB3-4380E820189A}.Debug|x64.ActiveCfg = Debug|x64
		{FC361BBE-3613-48A6-9CB3-4380E820189A}.Debug|x64.Build.0 = Debug|x64
		{FC361BBE-3613-48A6-9CB3-4380E820189A}.Debug|x86.ActiveCfg = Debug|Win32
		{FC361BBE-3613-48A6-9CB3-4380E820189A}.Debug|x86.Build.0 = Debug|Win32
		{FC361BBE-3613-48A6-9CB3-4380E820189A}.Release|x64.ActiveCfg = Release|x64
		{FC361BBE-3613-48A6-9CB3-4380E820189A}.Release|x64.Build.0 = Release|x64
		{FC361BBE-3613-48A6-9CB3-4380E820189A}.Release|x86.ActiveCfg = Release|Win32
		{FC361BBE-3613-48A6-9CB3-4380E820189A}.Release|x86.Build.0 = Release|Win32
		{B5B45D54-FD3B-41AF-8B2C-50B3CEA61CA7}.Debug|x64.ActiveCfg = Debug|x64
		{B5B45D54-FD3B-41AF-8B2C-50B3CEA61CA7}.Debug|x64.Build.0 = Debug|x64
		{B5B45D54-FD3B-41AF-8B2C-50B3CEA61CA7}.Debug|x86.ActiveCfg = Debug|Win32
		{B5B45D54-FD3B-41AF-8B2C-50B3CEA61CA7}.Debug|x86.Build.0 = Debug|Win32
		{B5B45D54-FD3B-41AF-8B2C-50B3CEA61CA7}.Release|x64.ActiveCfg = Release|x64
		{B5B45D54-FD3B-41AF-8B2C-50B3CEA61CA7}.Release|x64.Build.0 = Release|x64
		{B5B45D54-FD3B-41AF-8B2C-50B3CEA61CA7}.Release|x86.ActiveCfg = Release|Win32
		{B5B45D54-FD3B-41AF-8B2C-50B3CEA61CA7}.Release|x86.Build.0 = Release|Win32
	EndGlobalSection
	GlobalSection(SolutionProperties) = preSolution
		HideSolutionNode = FALSE
	EndGlobalSection
	GlobalSection(ExtensibilityGlobals) = postSolution
		SolutionGuid = {46F8574D-2BF8-4E76-8488-DE3E267F0B06}
	EndGlobalSection
EndGlobal
